// !$*UTF8*$!
{
	archiveVersion = 1;
	classes = {
	};
	objectVersion = 56;
	objects = {

/* Begin PBXBuildFile section */
		611893E328F1D17D005B0A7D /* RoundTimerView.swift in Sources */ = {isa = PBXBuildFile; fileRef = 611893E228F1D17D005B0A7D /* RoundTimerView.swift */; };
		611893E528F1D2F4005B0A7D /* Game.swift in Sources */ = {isa = PBXBuildFile; fileRef = 611893E428F1D2F4005B0A7D /* Game.swift */; };
		611893E728F1D470005B0A7D /* RoundTimer.swift in Sources */ = {isa = PBXBuildFile; fileRef = 611893E628F1D470005B0A7D /* RoundTimer.swift */; };
		611893E928F1F074005B0A7D /* GameHeaderView.swift in Sources */ = {isa = PBXBuildFile; fileRef = 611893E828F1F074005B0A7D /* GameHeaderView.swift */; };
		611893EB28F1F0B0005B0A7D /* GameTimerView.swift in Sources */ = {isa = PBXBuildFile; fileRef = 611893EA28F1F0B0005B0A7D /* GameTimerView.swift */; };
		611893ED28F1F0EA005B0A7D /* GameFooterView.swift in Sources */ = {isa = PBXBuildFile; fileRef = 611893EC28F1F0EA005B0A7D /* GameFooterView.swift */; };
		6153E65428FBF61C005AABE2 /* alarm.wav in Resources */ = {isa = PBXBuildFile; fileRef = 6153E65328FBF61C005AABE2 /* alarm.wav */; };
		61B0CA9328F9DF3A00EB0140 /* GameStore.swift in Sources */ = {isa = PBXBuildFile; fileRef = 61B0CA9228F9DF3A00EB0140 /* GameStore.swift */; };
		61B0CA9528F9DFC100EB0140 /* ErrorWrapper.swift in Sources */ = {isa = PBXBuildFile; fileRef = 61B0CA9428F9DFC100EB0140 /* ErrorWrapper.swift */; };
		61B0CA9728F9DFEA00EB0140 /* ErrorView.swift in Sources */ = {isa = PBXBuildFile; fileRef = 61B0CA9628F9DFEA00EB0140 /* ErrorView.swift */; };
		61B0CA9928F9E32400EB0140 /* ThemeView.swift in Sources */ = {isa = PBXBuildFile; fileRef = 61B0CA9828F9E32400EB0140 /* ThemeView.swift */; };
		61B0CA9B28F9E34200EB0140 /* ThemePicker.swift in Sources */ = {isa = PBXBuildFile; fileRef = 61B0CA9A28F9E34200EB0140 /* ThemePicker.swift */; };
		61B0CA9D28FA836000EB0140 /* ScoreView.swift in Sources */ = {isa = PBXBuildFile; fileRef = 61B0CA9C28FA836000EB0140 /* ScoreView.swift */; };
		61B0CA9F28FB036C00EB0140 /* TimeView.swift in Sources */ = {isa = PBXBuildFile; fileRef = 61B0CA9E28FB036C00EB0140 /* TimeView.swift */; };
		61B0CAA328FBC70C00EB0140 /* AVPlayer.swift in Sources */ = {isa = PBXBuildFile; fileRef = 61B0CAA228FBC70C00EB0140 /* AVPlayer.swift */; };
		61B3080728F93BAB00060491 /* DetailView.swift in Sources */ = {isa = PBXBuildFile; fileRef = 61B3080628F93BAB00060491 /* DetailView.swift */; };
		61B3080928F9CDBA00060491 /* DetailEditView.swift in Sources */ = {isa = PBXBuildFile; fileRef = 61B3080828F9CDBA00060491 /* DetailEditView.swift */; };
		61B3080B28F9D47200060491 /* GamesView.swift in Sources */ = {isa = PBXBuildFile; fileRef = 61B3080A28F9D47200060491 /* GamesView.swift */; };
		61B3080D28F9D64000060491 /* GameCardView.swift in Sources */ = {isa = PBXBuildFile; fileRef = 61B3080C28F9D64000060491 /* GameCardView.swift */; };
		61B3080F28F9D6B700060491 /* Theme.swift in Sources */ = {isa = PBXBuildFile; fileRef = 61B3080E28F9D6B700060491 /* Theme.swift */; };
		61B3081128F9D83600060491 /* Round.swift in Sources */ = {isa = PBXBuildFile; fileRef = 61B3081028F9D83600060491 /* Round.swift */; };
		61C8801228EAF0F8006494AF /* RumTimeApp.swift in Sources */ = {isa = PBXBuildFile; fileRef = 61C8801128EAF0F8006494AF /* RumTimeApp.swift */; };
		61C8801628EAF0FA006494AF /* Assets.xcassets in Resources */ = {isa = PBXBuildFile; fileRef = 61C8801528EAF0FA006494AF /* Assets.xcassets */; };
		61C8801928EAF0FA006494AF /* Preview Assets.xcassets in Resources */ = {isa = PBXBuildFile; fileRef = 61C8801828EAF0FA006494AF /* Preview Assets.xcassets */; };
		61F4B99528F2D7EB00481749 /* PlayerArc.swift in Sources */ = {isa = PBXBuildFile; fileRef = 61F4B99428F2D7EB00481749 /* PlayerArc.swift */; };
/* End PBXBuildFile section */

/* Begin PBXFileReference section */
		611893E228F1D17D005B0A7D /* RoundTimerView.swift */ = {isa = PBXFileReference; lastKnownFileType = sourcecode.swift; path = RoundTimerView.swift; sourceTree = "<group>"; };
		611893E428F1D2F4005B0A7D /* Game.swift */ = {isa = PBXFileReference; lastKnownFileType = sourcecode.swift; path = Game.swift; sourceTree = "<group>"; };
		611893E628F1D470005B0A7D /* RoundTimer.swift */ = {isa = PBXFileReference; lastKnownFileType = sourcecode.swift; path = RoundTimer.swift; sourceTree = "<group>"; };
		611893E828F1F074005B0A7D /* GameHeaderView.swift */ = {isa = PBXFileReference; lastKnownFileType = sourcecode.swift; path = GameHeaderView.swift; sourceTree = "<group>"; };
		611893EA28F1F0B0005B0A7D /* GameTimerView.swift */ = {isa = PBXFileReference; lastKnownFileType = sourcecode.swift; path = GameTimerView.swift; sourceTree = "<group>"; };
		611893EC28F1F0EA005B0A7D /* GameFooterView.swift */ = {isa = PBXFileReference; lastKnownFileType = sourcecode.swift; path = GameFooterView.swift; sourceTree = "<group>"; };
		6153E65328FBF61C005AABE2 /* alarm.wav */ = {isa = PBXFileReference; lastKnownFileType = audio.wav; path = alarm.wav; sourceTree = "<group>"; };
		61B0CA9228F9DF3A00EB0140 /* GameStore.swift */ = {isa = PBXFileReference; lastKnownFileType = sourcecode.swift; path = GameStore.swift; sourceTree = "<group>"; };
		61B0CA9428F9DFC100EB0140 /* ErrorWrapper.swift */ = {isa = PBXFileReference; lastKnownFileType = sourcecode.swift; path = ErrorWrapper.swift; sourceTree = "<group>"; };
		61B0CA9628F9DFEA00EB0140 /* ErrorView.swift */ = {isa = PBXFileReference; lastKnownFileType = sourcecode.swift; path = ErrorView.swift; sourceTree = "<group>"; };
		61B0CA9828F9E32400EB0140 /* ThemeView.swift */ = {isa = PBXFileReference; lastKnownFileType = sourcecode.swift; path = ThemeView.swift; sourceTree = "<group>"; };
		61B0CA9A28F9E34200EB0140 /* ThemePicker.swift */ = {isa = PBXFileReference; lastKnownFileType = sourcecode.swift; path = ThemePicker.swift; sourceTree = "<group>"; };
		61B0CA9C28FA836000EB0140 /* ScoreView.swift */ = {isa = PBXFileReference; lastKnownFileType = sourcecode.swift; path = ScoreView.swift; sourceTree = "<group>"; };
		61B0CA9E28FB036C00EB0140 /* TimeView.swift */ = {isa = PBXFileReference; lastKnownFileType = sourcecode.swift; path = TimeView.swift; sourceTree = "<group>"; };
		61B0CAA228FBC70C00EB0140 /* AVPlayer.swift */ = {isa = PBXFileReference; lastKnownFileType = sourcecode.swift; path = AVPlayer.swift; sourceTree = "<group>"; };
		61B3080628F93BAB00060491 /* DetailView.swift */ = {isa = PBXFileReference; lastKnownFileType = sourcecode.swift; path = DetailView.swift; sourceTree = "<group>"; };
		61B3080828F9CDBA00060491 /* DetailEditView.swift */ = {isa = PBXFileReference; lastKnownFileType = sourcecode.swift; path = DetailEditView.swift; sourceTree = "<group>"; };
		61B3080A28F9D47200060491 /* GamesView.swift */ = {isa = PBXFileReference; lastKnownFileType = sourcecode.swift; path = GamesView.swift; sourceTree = "<group>"; };
		61B3080C28F9D64000060491 /* GameCardView.swift */ = {isa = PBXFileReference; lastKnownFileType = sourcecode.swift; path = GameCardView.swift; sourceTree = "<group>"; };
		61B3080E28F9D6B700060491 /* Theme.swift */ = {isa = PBXFileReference; lastKnownFileType = sourcecode.swift; path = Theme.swift; sourceTree = "<group>"; };
		61B3081028F9D83600060491 /* Round.swift */ = {isa = PBXFileReference; lastKnownFileType = sourcecode.swift; path = Round.swift; sourceTree = "<group>"; };
		61C8800E28EAF0F8006494AF /* RumTime.app */ = {isa = PBXFileReference; explicitFileType = wrapper.application; includeInIndex = 0; path = RumTime.app; sourceTree = BUILT_PRODUCTS_DIR; };
		61C8801128EAF0F8006494AF /* RumTimeApp.swift */ = {isa = PBXFileReference; lastKnownFileType = sourcecode.swift; path = RumTimeApp.swift; sourceTree = "<group>"; };
		61C8801528EAF0FA006494AF /* Assets.xcassets */ = {isa = PBXFileReference; lastKnownFileType = folder.assetcatalog; path = Assets.xcassets; sourceTree = "<group>"; };
		61C8801828EAF0FA006494AF /* Preview Assets.xcassets */ = {isa = PBXFileReference; lastKnownFileType = folder.assetcatalog; path = "Preview Assets.xcassets"; sourceTree = "<group>"; };
		61F4B99428F2D7EB00481749 /* PlayerArc.swift */ = {isa = PBXFileReference; lastKnownFileType = sourcecode.swift; path = PlayerArc.swift; sourceTree = "<group>"; };
/* End PBXFileReference section */

/* Begin PBXFrameworksBuildPhase section */
		61C8800B28EAF0F8006494AF /* Frameworks */ = {
			isa = PBXFrameworksBuildPhase;
			buildActionMask = 2147483647;
			files = (
			);
			runOnlyForDeploymentPostprocessing = 0;
		};
/* End PBXFrameworksBuildPhase section */

/* Begin PBXGroup section */
		61B0CAA428FBC71F00EB0140 /* Resources */ = {
			isa = PBXGroup;
			children = (
				6153E65328FBF61C005AABE2 /* alarm.wav */,
			);
			path = Resources;
			sourceTree = "<group>";
		};
		61C8800528EAF0F8006494AF = {
			isa = PBXGroup;
			children = (
				61C8801028EAF0F8006494AF /* RumTime */,
				61C8800F28EAF0F8006494AF /* Products */,
			);
			sourceTree = "<group>";
		};
		61C8800F28EAF0F8006494AF /* Products */ = {
			isa = PBXGroup;
			children = (
				61C8800E28EAF0F8006494AF /* RumTime.app */,
			);
			name = Products;
			sourceTree = "<group>";
		};
		61C8801028EAF0F8006494AF /* RumTime */ = {
			isa = PBXGroup;
			children = (
				61B3080828F9CDBA00060491 /* DetailEditView.swift */,
				61B3080628F93BAB00060491 /* DetailView.swift */,
				61B0CA9628F9DFEA00EB0140 /* ErrorView.swift */,
				61B3080C28F9D64000060491 /* GameCardView.swift */,
				611893EC28F1F0EA005B0A7D /* GameFooterView.swift */,
				611893E828F1F074005B0A7D /* GameHeaderView.swift */,
				61B3080A28F9D47200060491 /* GamesView.swift */,
				611893EA28F1F0B0005B0A7D /* GameTimerView.swift */,
				61F4B99428F2D7EB00481749 /* PlayerArc.swift */,
				611893E228F1D17D005B0A7D /* RoundTimerView.swift */,
				61C8801128EAF0F8006494AF /* RumTimeApp.swift */,
				61B0CA9C28FA836000EB0140 /* ScoreView.swift */,
				61B0CA9A28F9E34200EB0140 /* ThemePicker.swift */,
				61B0CA9828F9E32400EB0140 /* ThemeView.swift */,
				61B0CA9E28FB036C00EB0140 /* TimeView.swift */,
				61C8801528EAF0FA006494AF /* Assets.xcassets */,
				61C8801F28EAF11B006494AF /* Models */,
				61C8801728EAF0FA006494AF /* Preview Content */,
				61B0CAA428FBC71F00EB0140 /* Resources */,
			);
			path = RumTime;
			sourceTree = "<group>";
		};
		61C8801728EAF0FA006494AF /* Preview Content */ = {
			isa = PBXGroup;
			children = (
				61C8801828EAF0FA006494AF /* Preview Assets.xcassets */,
			);
			path = "Preview Content";
			sourceTree = "<group>";
		};
		61C8801F28EAF11B006494AF /* Models */ = {
			isa = PBXGroup;
			children = (
				61B0CAA228FBC70C00EB0140 /* AVPlayer.swift */,
				61B0CA9428F9DFC100EB0140 /* ErrorWrapper.swift */,
				611893E428F1D2F4005B0A7D /* Game.swift */,
				61B0CA9228F9DF3A00EB0140 /* GameStore.swift */,
				611893E628F1D470005B0A7D /* RoundTimer.swift */,
				61B3081028F9D83600060491 /* Round.swift */,
				61B3080E28F9D6B700060491 /* Theme.swift */,
			);
			path = Models;
			sourceTree = "<group>";
		};
/* End PBXGroup section */

/* Begin PBXNativeTarget section */
		61C8800D28EAF0F8006494AF /* RumTime */ = {
			isa = PBXNativeTarget;
			buildConfigurationList = 61C8801C28EAF0FA006494AF /* Build configuration list for PBXNativeTarget "RumTime" */;
			buildPhases = (
				61C8800A28EAF0F8006494AF /* Sources */,
				61C8800B28EAF0F8006494AF /* Frameworks */,
				61C8800C28EAF0F8006494AF /* Resources */,
			);
			buildRules = (
			);
			dependencies = (
			);
			name = RumTime;
			productName = RumTime;
			productReference = 61C8800E28EAF0F8006494AF /* RumTime.app */;
			productType = "com.apple.product-type.application";
		};
/* End PBXNativeTarget section */

/* Begin PBXProject section */
		61C8800628EAF0F8006494AF /* Project object */ = {
			isa = PBXProject;
			attributes = {
				BuildIndependentTargetsInParallel = 1;
				LastSwiftUpdateCheck = 1400;
				LastUpgradeCheck = 1400;
				TargetAttributes = {
					61C8800D28EAF0F8006494AF = {
						CreatedOnToolsVersion = 14.0.1;
					};
				};
			};
			buildConfigurationList = 61C8800928EAF0F8006494AF /* Build configuration list for PBXProject "RumTime" */;
			compatibilityVersion = "Xcode 14.0";
			developmentRegion = en;
			hasScannedForEncodings = 0;
			knownRegions = (
				en,
				Base,
			);
			mainGroup = 61C8800528EAF0F8006494AF;
			productRefGroup = 61C8800F28EAF0F8006494AF /* Products */;
			projectDirPath = "";
			projectRoot = "";
			targets = (
				61C8800D28EAF0F8006494AF /* RumTime */,
			);
		};
/* End PBXProject section */

/* Begin PBXResourcesBuildPhase section */
		61C8800C28EAF0F8006494AF /* Resources */ = {
			isa = PBXResourcesBuildPhase;
			buildActionMask = 2147483647;
			files = (
				61C8801928EAF0FA006494AF /* Preview Assets.xcassets in Resources */,
				61C8801628EAF0FA006494AF /* Assets.xcassets in Resources */,
				6153E65428FBF61C005AABE2 /* alarm.wav in Resources */,
			);
			runOnlyForDeploymentPostprocessing = 0;
		};
/* End PBXResourcesBuildPhase section */

/* Begin PBXSourcesBuildPhase section */
		61C8800A28EAF0F8006494AF /* Sources */ = {
			isa = PBXSourcesBuildPhase;
			buildActionMask = 2147483647;
			files = (
				61F4B99528F2D7EB00481749 /* PlayerArc.swift in Sources */,
				61B0CA9B28F9E34200EB0140 /* ThemePicker.swift in Sources */,
				61B3080D28F9D64000060491 /* GameCardView.swift in Sources */,
				611893E528F1D2F4005B0A7D /* Game.swift in Sources */,
				61B3080728F93BAB00060491 /* DetailView.swift in Sources */,
				61B0CA9728F9DFEA00EB0140 /* ErrorView.swift in Sources */,
				611893E728F1D470005B0A7D /* RoundTimer.swift in Sources */,
				61B0CAA328FBC70C00EB0140 /* AVPlayer.swift in Sources */,
				611893ED28F1F0EA005B0A7D /* GameFooterView.swift in Sources */,
				61B0CA9F28FB036C00EB0140 /* TimeView.swift in Sources */,
				61B3080B28F9D47200060491 /* GamesView.swift in Sources */,
				61B0CA9D28FA836000EB0140 /* ScoreView.swift in Sources */,
				61C8801228EAF0F8006494AF /* RumTimeApp.swift in Sources */,
				61B0CA9528F9DFC100EB0140 /* ErrorWrapper.swift in Sources */,
				611893E328F1D17D005B0A7D /* RoundTimerView.swift in Sources */,
				611893E928F1F074005B0A7D /* GameHeaderView.swift in Sources */,
				611893EB28F1F0B0005B0A7D /* GameTimerView.swift in Sources */,
				61B3080928F9CDBA00060491 /* DetailEditView.swift in Sources */,
				61B3081128F9D83600060491 /* Round.swift in Sources */,
				61B0CA9328F9DF3A00EB0140 /* GameStore.swift in Sources */,
				61B0CA9928F9E32400EB0140 /* ThemeView.swift in Sources */,
				61B3080F28F9D6B700060491 /* Theme.swift in Sources */,
			);
			runOnlyForDeploymentPostprocessing = 0;
		};
/* End PBXSourcesBuildPhase section */

/* Begin XCBuildConfiguration section */
		61C8801A28EAF0FA006494AF /* Debug */ = {
			isa = XCBuildConfiguration;
			buildSettings = {
				ALWAYS_SEARCH_USER_PATHS = NO;
				CLANG_ANALYZER_NONNULL = YES;
				CLANG_ANALYZER_NUMBER_OBJECT_CONVERSION = YES_AGGRESSIVE;
				CLANG_CXX_LANGUAGE_STANDARD = "gnu++20";
				CLANG_ENABLE_MODULES = YES;
				CLANG_ENABLE_OBJC_ARC = YES;
				CLANG_ENABLE_OBJC_WEAK = YES;
				CLANG_WARN_BLOCK_CAPTURE_AUTORELEASING = YES;
				CLANG_WARN_BOOL_CONVERSION = YES;
				CLANG_WARN_COMMA = YES;
				CLANG_WARN_CONSTANT_CONVERSION = YES;
				CLANG_WARN_DEPRECATED_OBJC_IMPLEMENTATIONS = YES;
				CLANG_WARN_DIRECT_OBJC_ISA_USAGE = YES_ERROR;
				CLANG_WARN_DOCUMENTATION_COMMENTS = YES;
				CLANG_WARN_EMPTY_BODY = YES;
				CLANG_WARN_ENUM_CONVERSION = YES;
				CLANG_WARN_INFINITE_RECURSION = YES;
				CLANG_WARN_INT_CONVERSION = YES;
				CLANG_WARN_NON_LITERAL_NULL_CONVERSION = YES;
				CLANG_WARN_OBJC_IMPLICIT_RETAIN_SELF = YES;
				CLANG_WARN_OBJC_LITERAL_CONVERSION = YES;
				CLANG_WARN_OBJC_ROOT_CLASS = YES_ERROR;
				CLANG_WARN_QUOTED_INCLUDE_IN_FRAMEWORK_HEADER = YES;
				CLANG_WARN_RANGE_LOOP_ANALYSIS = YES;
				CLANG_WARN_STRICT_PROTOTYPES = YES;
				CLANG_WARN_SUSPICIOUS_MOVE = YES;
				CLANG_WARN_UNGUARDED_AVAILABILITY = YES_AGGRESSIVE;
				CLANG_WARN_UNREACHABLE_CODE = YES;
				CLANG_WARN__DUPLICATE_METHOD_MATCH = YES;
				COPY_PHASE_STRIP = NO;
				DEBUG_INFORMATION_FORMAT = dwarf;
				ENABLE_STRICT_OBJC_MSGSEND = YES;
				ENABLE_TESTABILITY = YES;
				GCC_C_LANGUAGE_STANDARD = gnu11;
				GCC_DYNAMIC_NO_PIC = NO;
				GCC_NO_COMMON_BLOCKS = YES;
				GCC_OPTIMIZATION_LEVEL = 0;
				GCC_PREPROCESSOR_DEFINITIONS = (
					"DEBUG=1",
					"$(inherited)",
				);
				GCC_WARN_64_TO_32_BIT_CONVERSION = YES;
				GCC_WARN_ABOUT_RETURN_TYPE = YES_ERROR;
				GCC_WARN_UNDECLARED_SELECTOR = YES;
				GCC_WARN_UNINITIALIZED_AUTOS = YES_AGGRESSIVE;
				GCC_WARN_UNUSED_FUNCTION = YES;
				GCC_WARN_UNUSED_VARIABLE = YES;
				IPHONEOS_DEPLOYMENT_TARGET = 16.0;
				MTL_ENABLE_DEBUG_INFO = INCLUDE_SOURCE;
				MTL_FAST_MATH = YES;
				ONLY_ACTIVE_ARCH = YES;
				SDKROOT = iphoneos;
				SWIFT_ACTIVE_COMPILATION_CONDITIONS = DEBUG;
				SWIFT_OPTIMIZATION_LEVEL = "-Onone";
			};
			name = Debug;
		};
		61C8801B28EAF0FA006494AF /* Release */ = {
			isa = XCBuildConfiguration;
			buildSettings = {
				ALWAYS_SEARCH_USER_PATHS = NO;
				CLANG_ANALYZER_NONNULL = YES;
				CLANG_ANALYZER_NUMBER_OBJECT_CONVERSION = YES_AGGRESSIVE;
				CLANG_CXX_LANGUAGE_STANDARD = "gnu++20";
				CLANG_ENABLE_MODULES = YES;
				CLANG_ENABLE_OBJC_ARC = YES;
				CLANG_ENABLE_OBJC_WEAK = YES;
				CLANG_WARN_BLOCK_CAPTURE_AUTORELEASING = YES;
				CLANG_WARN_BOOL_CONVERSION = YES;
				CLANG_WARN_COMMA = YES;
				CLANG_WARN_CONSTANT_CONVERSION = YES;
				CLANG_WARN_DEPRECATED_OBJC_IMPLEMENTATIONS = YES;
				CLANG_WARN_DIRECT_OBJC_ISA_USAGE = YES_ERROR;
				CLANG_WARN_DOCUMENTATION_COMMENTS = YES;
				CLANG_WARN_EMPTY_BODY = YES;
				CLANG_WARN_ENUM_CONVERSION = YES;
				CLANG_WARN_INFINITE_RECURSION = YES;
				CLANG_WARN_INT_CONVERSION = YES;
				CLANG_WARN_NON_LITERAL_NULL_CONVERSION = YES;
				CLANG_WARN_OBJC_IMPLICIT_RETAIN_SELF = YES;
				CLANG_WARN_OBJC_LITERAL_CONVERSION = YES;
				CLANG_WARN_OBJC_ROOT_CLASS = YES_ERROR;
				CLANG_WARN_QUOTED_INCLUDE_IN_FRAMEWORK_HEADER = YES;
				CLANG_WARN_RANGE_LOOP_ANALYSIS = YES;
				CLANG_WARN_STRICT_PROTOTYPES = YES;
				CLANG_WARN_SUSPICIOUS_MOVE = YES;
				CLANG_WARN_UNGUARDED_AVAILABILITY = YES_AGGRESSIVE;
				CLANG_WARN_UNREACHABLE_CODE = YES;
				CLANG_WARN__DUPLICATE_METHOD_MATCH = YES;
				COPY_PHASE_STRIP = NO;
				DEBUG_INFORMATION_FORMAT = "dwarf-with-dsym";
				ENABLE_NS_ASSERTIONS = NO;
				ENABLE_STRICT_OBJC_MSGSEND = YES;
				GCC_C_LANGUAGE_STANDARD = gnu11;
				GCC_NO_COMMON_BLOCKS = YES;
				GCC_WARN_64_TO_32_BIT_CONVERSION = YES;
				GCC_WARN_ABOUT_RETURN_TYPE = YES_ERROR;
				GCC_WARN_UNDECLARED_SELECTOR = YES;
				GCC_WARN_UNINITIALIZED_AUTOS = YES_AGGRESSIVE;
				GCC_WARN_UNUSED_FUNCTION = YES;
				GCC_WARN_UNUSED_VARIABLE = YES;
				IPHONEOS_DEPLOYMENT_TARGET = 16.0;
				MTL_ENABLE_DEBUG_INFO = NO;
				MTL_FAST_MATH = YES;
				SDKROOT = iphoneos;
				SWIFT_COMPILATION_MODE = wholemodule;
				SWIFT_OPTIMIZATION_LEVEL = "-O";
				VALIDATE_PRODUCT = YES;
			};
			name = Release;
		};
		61C8801D28EAF0FA006494AF /* Debug */ = {
			isa = XCBuildConfiguration;
			buildSettings = {
				ASSETCATALOG_COMPILER_APPICON_NAME = AppIcon;
				ASSETCATALOG_COMPILER_GLOBAL_ACCENT_COLOR_NAME = AccentColor;
				CODE_SIGN_STYLE = Automatic;
				CURRENT_PROJECT_VERSION = 1;
				DEVELOPMENT_ASSET_PATHS = "\"RumTime/Preview Content\"";
				DEVELOPMENT_TEAM = VL2XXB42YM;
				ENABLE_PREVIEWS = YES;
				GENERATE_INFOPLIST_FILE = YES;
				INFOPLIST_KEY_UIApplicationSceneManifest_Generation = YES;
				INFOPLIST_KEY_UIApplicationSupportsIndirectInputEvents = YES;
				INFOPLIST_KEY_UILaunchScreen_Generation = YES;
				INFOPLIST_KEY_UISupportedInterfaceOrientations_iPad = "UIInterfaceOrientationPortrait UIInterfaceOrientationPortraitUpsideDown UIInterfaceOrientationLandscapeLeft UIInterfaceOrientationLandscapeRight";
				INFOPLIST_KEY_UISupportedInterfaceOrientations_iPhone = "UIInterfaceOrientationPortrait UIInterfaceOrientationLandscapeLeft UIInterfaceOrientationLandscapeRight";
				LD_RUNPATH_SEARCH_PATHS = (
					"$(inherited)",
					"@executable_path/Frameworks",
				);
				MARKETING_VERSION = 1.0;
				PRODUCT_BUNDLE_IDENTIFIER = "com.james-maguire.RumTime";
				PRODUCT_NAME = "$(TARGET_NAME)";
				SWIFT_EMIT_LOC_STRINGS = YES;
				SWIFT_VERSION = 5.0;
				TARGETED_DEVICE_FAMILY = "1,2";
			};
			name = Debug;
		};
		61C8801E28EAF0FA006494AF /* Release */ = {
			isa = XCBuildConfiguration;
			buildSettings = {
				ASSETCATALOG_COMPILER_APPICON_NAME = AppIcon;
				ASSETCATALOG_COMPILER_GLOBAL_ACCENT_COLOR_NAME = AccentColor;
				CODE_SIGN_STYLE = Automatic;
				CURRENT_PROJECT_VERSION = 1;
				DEVELOPMENT_ASSET_PATHS = "\"RumTime/Preview Content\"";
				DEVELOPMENT_TEAM = VL2XXB42YM;
				ENABLE_PREVIEWS = YES;
				GENERATE_INFOPLIST_FILE = YES;
				INFOPLIST_KEY_UIApplicationSceneManifest_Generation = YES;
				INFOPLIST_KEY_UIApplicationSupportsIndirectInputEvents = YES;
				INFOPLIST_KEY_UILaunchScreen_Generation = YES;
				INFOPLIST_KEY_UISupportedInterfaceOrientations_iPad = "UIInterfaceOrientationPortrait UIInterfaceOrientationPortraitUpsideDown UIInterfaceOrientationLandscapeLeft UIInterfaceOrientationLandscapeRight";
				INFOPLIST_KEY_UISupportedInterfaceOrientations_iPhone = "UIInterfaceOrientationPortrait UIInterfaceOrientationLandscapeLeft UIInterfaceOrientationLandscapeRight";
				LD_RUNPATH_SEARCH_PATHS = (
					"$(inherited)",
					"@executable_path/Frameworks",
				);
				MARKETING_VERSION = 1.0;
				PRODUCT_BUNDLE_IDENTIFIER = "com.james-maguire.RumTime";
				PRODUCT_NAME = "$(TARGET_NAME)";
				SWIFT_EMIT_LOC_STRINGS = YES;
				SWIFT_VERSION = 5.0;
				TARGETED_DEVICE_FAMILY = "1,2";
			};
			name = Release;
		};
/* End XCBuildConfiguration section */

/* Begin XCConfigurationList section */
		61C8800928EAF0F8006494AF /* Build configuration list for PBXProject "RumTime" */ = {
			isa = XCConfigurationList;
			buildConfigurations = (
				61C8801A28EAF0FA006494AF /* Debug */,
				61C8801B28EAF0FA006494AF /* Release */,
			);
			defaultConfigurationIsVisible = 0;
			defaultConfigurationName = Release;
		};
		61C8801C28EAF0FA006494AF /* Build configuration list for PBXNativeTarget "RumTime" */ = {
			isa = XCConfigurationList;
			buildConfigurations = (
				61C8801D28EAF0FA006494AF /* Debug */,
				61C8801E28EAF0FA006494AF /* Release */,
			);
			defaultConfigurationIsVisible = 0;
			defaultConfigurationName = Release;
		};
/* End XCConfigurationList section */
	};
	rootObject = 61C8800628EAF0F8006494AF /* Project object */;
}
